// !$*UTF8*$!
{
	archiveVersion = 1;
	classes = {
	};
	objectVersion = 46;
	objects = {

/* Begin PBXBuildFile section */
		E47CDB201A5CA08C00BCE335 /* main.cpp in Sources */ = {isa = PBXBuildFile; fileRef = E47CDB1F1A5CA08C00BCE335 /* main.cpp */; };
		E47CDB281A5CA2F800BCE335 /* utilities.cpp in Sources */ = {isa = PBXBuildFile; fileRef = E47CDB271A5CA2F800BCE335 /* utilities.cpp */; };
		E47CDB2B1A5CAF7F00BCE335 /* Snake.cpp in Sources */ = {isa = PBXBuildFile; fileRef = E47CDB291A5CAF7F00BCE335 /* Snake.cpp */; };
		E47CDB2E1A5CB03E00BCE335 /* Player.cpp in Sources */ = {isa = PBXBuildFile; fileRef = E47CDB2C1A5CB03E00BCE335 /* Player.cpp */; };
		E47CDB311A5CB0B100BCE335 /* Pit.cpp in Sources */ = {isa = PBXBuildFile; fileRef = E47CDB2F1A5CB0B100BCE335 /* Pit.cpp */; };
		E47CDB341A5CB1E400BCE335 /* Game.cpp in Sources */ = {isa = PBXBuildFile; fileRef = E47CDB321A5CB1E400BCE335 /* Game.cpp */; };
		E47CDB371A5CBBA200BCE335 /* History.cpp in Sources */ = {isa = PBXBuildFile; fileRef = E47CDB351A5CBBA200BCE335 /* History.cpp */; };
/* End PBXBuildFile section */

/* Begin PBXCopyFilesBuildPhase section */
		E47CDB1A1A5CA08C00BCE335 /* CopyFiles */ = {
			isa = PBXCopyFilesBuildPhase;
			buildActionMask = 2147483647;
			dstPath = /usr/share/man/man1/;
			dstSubfolderSpec = 0;
			files = (
			);
			runOnlyForDeploymentPostprocessing = 1;
		};
/* End PBXCopyFilesBuildPhase section */

/* Begin PBXFileReference section */
		E47CDB1C1A5CA08C00BCE335 /* Project1 */ = {isa = PBXFileReference; explicitFileType = "compiled.mach-o.executable"; includeInIndex = 0; path = Project1; sourceTree = BUILT_PRODUCTS_DIR; };
		E47CDB1F1A5CA08C00BCE335 /* main.cpp */ = {isa = PBXFileReference; lastKnownFileType = sourcecode.cpp.cpp; path = main.cpp; sourceTree = "<group>"; };
		E47CDB261A5CA0DB00BCE335 /* globals.h */ = {isa = PBXFileReference; lastKnownFileType = sourcecode.c.h; path = globals.h; sourceTree = "<group>"; };
		E47CDB271A5CA2F800BCE335 /* utilities.cpp */ = {isa = PBXFileReference; fileEncoding = 4; lastKnownFileType = sourcecode.cpp.cpp; path = utilities.cpp; sourceTree = "<group>"; };
		E47CDB291A5CAF7F00BCE335 /* Snake.cpp */ = {isa = PBXFileReference; fileEncoding = 4; lastKnownFileType = sourcecode.cpp.cpp; path = Snake.cpp; sourceTree = "<group>"; };
		E47CDB2A1A5CAF7F00BCE335 /* Snake.h */ = {isa = PBXFileReference; fileEncoding = 4; lastKnownFileType = sourcecode.c.h; path = Snake.h; sourceTree = "<group>"; };
		E47CDB2C1A5CB03E00BCE335 /* Player.cpp */ = {isa = PBXFileReference; fileEncoding = 4; lastKnownFileType = sourcecode.cpp.cpp; path = Player.cpp; sourceTree = "<group>"; };
		E47CDB2D1A5CB03E00BCE335 /* Player.h */ = {isa = PBXFileReference; fileEncoding = 4; lastKnownFileType = sourcecode.c.h; path = Player.h; sourceTree = "<group>"; };
		E47CDB2F1A5CB0B100BCE335 /* Pit.cpp */ = {isa = PBXFileReference; fileEncoding = 4; lastKnownFileType = sourcecode.cpp.cpp; path = Pit.cpp; sourceTree = "<group>"; };
		E47CDB301A5CB0B100BCE335 /* Pit.h */ = {isa = PBXFileReference; fileEncoding = 4; lastKnownFileType = sourcecode.c.h; path = Pit.h; sourceTree = "<group>"; };
		E47CDB321A5CB1E400BCE335 /* Game.cpp */ = {isa = PBXFileReference; fileEncoding = 4; lastKnownFileType = sourcecode.cpp.cpp; path = Game.cpp; sourceTree = "<group>"; };
		E47CDB331A5CB1E400BCE335 /* Game.h */ = {isa = PBXFileReference; fileEncoding = 4; lastKnownFileType = sourcecode.c.h; path = Game.h; sourceTree = "<group>"; };
		E47CDB351A5CBBA200BCE335 /* History.cpp */ = {isa = PBXFileReference; fileEncoding = 4; lastKnownFileType = sourcecode.cpp.cpp; path = History.cpp; sourceTree = "<group>"; };
		E47CDB361A5CBBA200BCE335 /* History.h */ = {isa = PBXFileReference; fileEncoding = 4; lastKnownFileType = sourcecode.c.h; path = History.h; sourceTree = "<group>"; };
/* End PBXFileReference section */

/* Begin PBXFrameworksBuildPhase section */
		E47CDB191A5CA08C00BCE335 /* Frameworks */ = {
			isa = PBXFrameworksBuildPhase;
			buildActionMask = 2147483647;
			files = (
			);
			runOnlyForDeploymentPostprocessing = 0;
		};
/* End PBXFrameworksBuildPhase section */

/* Begin PBXGroup section */
		E47CDB131A5CA08C00BCE335 = {
			isa = PBXGroup;
			children = (
				E47CDB1E1A5CA08C00BCE335 /* Project1 */,
				E47CDB1D1A5CA08C00BCE335 /* Products */,
			);
			sourceTree = "<group>";
		};
		E47CDB1D1A5CA08C00BCE335 /* Products */ = {
			isa = PBXGroup;
			children = (
				E47CDB1C1A5CA08C00BCE335 /* Project1 */,
			);
			name = Products;
			sourceTree = "<group>";
		};
		E47CDB1E1A5CA08C00BCE335 /* Project1 */ = {
			isa = PBXGroup;
			children = (
				E47CDB1F1A5CA08C00BCE335 /* main.cpp */,
				E47CDB351A5CBBA200BCE335 /* History.cpp */,
				E47CDB361A5CBBA200BCE335 /* History.h */,
				E47CDB321A5CB1E400BCE335 /* Game.cpp */,
				E47CDB331A5CB1E400BCE335 /* Game.h */,
				E47CDB2F1A5CB0B100BCE335 /* Pit.cpp */,
				E47CDB301A5CB0B100BCE335 /* Pit.h */,
				E47CDB2C1A5CB03E00BCE335 /* Player.cpp */,
				E47CDB2D1A5CB03E00BCE335 /* Player.h */,
				E47CDB291A5CAF7F00BCE335 /* Snake.cpp */,
				E47CDB2A1A5CAF7F00BCE335 /* Snake.h */,
				E47CDB261A5CA0DB00BCE335 /* globals.h */,
				E47CDB271A5CA2F800BCE335 /* utilities.cpp */,
			);
			path = Project1;
			sourceTree = "<group>";
		};
/* End PBXGroup section */

/* Begin PBXNativeTarget section */
		E47CDB1B1A5CA08C00BCE335 /* Project1 */ = {
			isa = PBXNativeTarget;
			buildConfigurationList = E47CDB231A5CA08C00BCE335 /* Build configuration list for PBXNativeTarget "Project1" */;
			buildPhases = (
				E47CDB181A5CA08C00BCE335 /* Sources */,
				E47CDB191A5CA08C00BCE335 /* Frameworks */,
				E47CDB1A1A5CA08C00BCE335 /* CopyFiles */,
			);
			buildRules = (
			);
			dependencies = (
			);
			name = Project1;
			productName = Project1;
			productReference = E47CDB1C1A5CA08C00BCE335 /* Project1 */;
			productType = "com.apple.product-type.tool";
		};
/* End PBXNativeTarget section */

/* Begin PBXProject section */
		E47CDB141A5CA08C00BCE335 /* Project object */ = {
			isa = PBXProject;
			attributes = {
				LastUpgradeCheck = 0610;
				ORGANIZATIONNAME = "Wenlong Xiong";
				TargetAttributes = {
					E47CDB1B1A5CA08C00BCE335 = {
						CreatedOnToolsVersion = 6.1.1;
					};
				};
			};
			buildConfigurationList = E47CDB171A5CA08C00BCE335 /* Build configuration list for PBXProject "Project1" */;
			compatibilityVersion = "Xcode 3.2";
			developmentRegion = English;
			hasScannedForEncodings = 0;
			knownRegions = (
				en,
			);
			mainGroup = E47CDB131A5CA08C00BCE335;
			productRefGroup = E47CDB1D1A5CA08C00BCE335 /* Products */;
			projectDirPath = "";
			projectRoot = "";
			targets = (
				E47CDB1B1A5CA08C00BCE335 /* Project1 */,
			);
		};
/* End PBXProject section */

/* Begin PBXSourcesBuildPhase section */
		E47CDB181A5CA08C00BCE335 /* Sources */ = {
			isa = PBXSourcesBuildPhase;
			buildActionMask = 2147483647;
			files = (
				E47CDB2E1A5CB03E00BCE335 /* Player.cpp in Sources */,
				E47CDB281A5CA2F800BCE335 /* utilities.cpp in Sources */,
				E47CDB201A5CA08C00BCE335 /* main.cpp in Sources */,
				E47CDB341A5CB1E400BCE335 /* Game.cpp in Sources */,
				E47CDB2B1A5CAF7F00BCE335 /* Snake.cpp in Sources */,
				E47CDB311A5CB0B100BCE335 /* Pit.cpp in Sources */,
				E47CDB371A5CBBA200BCE335 /* History.cpp in Sources */,
			);
			runOnlyForDeploymentPostprocessing = 0;
		};
/* End PBXSourcesBuildPhase section */

/* Begin XCBuildConfiguration section */
		E47CDB211A5CA08C00BCE335 /* Debug */ = {
			isa = XCBuildConfiguration;
			buildSettings = {
				ALWAYS_SEARCH_USER_PATHS = NO;
				CLANG_CXX_LANGUAGE_STANDARD = "gnu++0x";
				CLANG_CXX_LIBRARY = "libc++";
				CLANG_ENABLE_MODULES = YES;
				CLANG_ENABLE_OBJC_ARC = YES;
				CLANG_WARN_BOOL_CONVERSION = YES;
				CLANG_WARN_CONSTANT_CONVERSION = YES;
				CLANG_WARN_DIRECT_OBJC_ISA_USAGE = YES_ERROR;
				CLANG_WARN_EMPTY_BODY = YES;
				CLANG_WARN_ENUM_CONVERSION = YES;
				CLANG_WARN_INT_CONVERSION = YES;
				CLANG_WARN_OBJC_ROOT_CLASS = YES_ERROR;
				CLANG_WARN_UNREACHABLE_CODE = YES;
				CLANG_WARN__DUPLICATE_METHOD_MATCH = YES;
				COPY_PHASE_STRIP = NO;
				ENABLE_STRICT_OBJC_MSGSEND = YES;
				GCC_C_LANGUAGE_STANDARD = gnu99;
				GCC_DYNAMIC_NO_PIC = NO;
				GCC_OPTIMIZATION_LEVEL = 0;
				GCC_PREPROCESSOR_DEFINITIONS = (
					"DEBUG=1",
					"$(inherited)",
				);
				GCC_SYMBOLS_PRIVATE_EXTERN = NO;
				GCC_WARN_64_TO_32_BIT_CONVERSION = YES;
				GCC_WARN_ABOUT_RETURN_TYPE = YES_ERROR;
				GCC_WARN_UNDECLARED_SELECTOR = YES;
				GCC_WARN_UNINITIALIZED_AUTOS = YES_AGGRESSIVE;
				GCC_WARN_UNUSED_FUNCTION = YES;
				GCC_WARN_UNUSED_VARIABLE = YES;
				MACOSX_DEPLOYMENT_TARGET = 10.10;
				MTL_ENABLE_DEBUG_INFO = YES;
				ONLY_ACTIVE_ARCH = YES;
				SDKROOT = macosx;
			};
			name = Debug;
		};
		E47CDB221A5CA08C00BCE335 /* Release */ = {
			isa = XCBuildConfiguration;
			buildSettings = {
				ALWAYS_SEARCH_USER_PATHS = NO;
				CLANG_CXX_LANGUAGE_STANDARD = "gnu++0x";
				CLANG_CXX_LIBRARY = "libc++";
				CLANG_ENABLE_MODULES = YES;
				CLANG_ENABLE_OBJC_ARC = YES;
				CLANG_WARN_BOOL_CONVERSION = YES;
				CLANG_WARN_CONSTANT_CONVERSION = YES;
				CLANG_WARN_DIRECT_OBJC_ISA_USAGE = YES_ERROR;
				CLANG_WARN_EMPTY_BODY = YES;
				CLANG_WARN_ENUM_CONVERSION = YES;
				CLANG_WARN_INT_CONVERSION = YES;
				CLANG_WARN_OBJC_ROOT_CLASS = YES_ERROR;
				CLANG_WARN_UNREACHABLE_CODE = YES;
				CLANG_WARN__DUPLICATE_METHOD_MATCH = YES;
				COPY_PHASE_STRIP = YES;
				DEBUG_INFORMATION_FORMAT = "dwarf-with-dsym";
				ENABLE_NS_ASSERTIONS = NO;
				ENABLE_STRICT_OBJC_MSGSEND = YES;
				GCC_C_LANGUAGE_STANDARD = gnu99;
				GCC_WARN_64_TO_32_BIT_CONVERSION = YES;
				GCC_WARN_ABOUT_RETURN_TYPE = YES_ERROR;
				GCC_WARN_UNDECLARED_SELECTOR = YES;
				GCC_WARN_UNINITIALIZED_AUTOS = YES_AGGRESSIVE;
				GCC_WARN_UNUSED_FUNCTION = YES;
				GCC_WARN_UNUSED_VARIABLE = YES;
				MACOSX_DEPLOYMENT_TARGET = 10.10;
				MTL_ENABLE_DEBUG_INFO = NO;
				SDKROOT = macosx;
			};
			name = Release;
		};
		E47CDB241A5CA08C00BCE335 /* Debug */ = {
			isa = XCBuildConfiguration;
			buildSettings = {
				PRODUCT_NAME = "$(TARGET_NAME)";
			};
			name = Debug;
		};
		E47CDB251A5CA08C00BCE335 /* Release */ = {
			isa = XCBuildConfiguration;
			buildSettings = {
				PRODUCT_NAME = "$(TARGET_NAME)";
			};
			name = Release;
		};
/* End XCBuildConfiguration section */

/* Begin XCConfigurationList section */
		E47CDB171A5CA08C00BCE335 /* Build configuration list for PBXProject "Project1" */ = {
			isa = XCConfigurationList;
			buildConfigurations = (
				E47CDB211A5CA08C00BCE335 /* Debug */,
				E47CDB221A5CA08C00BCE335 /* Release */,
			);
			defaultConfigurationIsVisible = 0;
			defaultConfigurationName = Release;
		};
		E47CDB231A5CA08C00BCE335 /* Build configuration list for PBXNativeTarget "Project1" */ = {
			isa = XCConfigurationList;
			buildConfigurations = (
				E47CDB241A5CA08C00BCE335 /* Debug */,
				E47CDB251A5CA08C00BCE335 /* Release */,
			);
			defaultConfigurationIsVisible = 0;
			defaultConfigurationName = Release;
		};
/* End XCConfigurationList section */
	};
	rootObject = E47CDB141A5CA08C00BCE335 /* Project object */;
}
