// !$*UTF8*$!
{
	archiveVersion = 1;
	classes = {
	};
	objectVersion = 46;
	objects = {

/* Begin PBXBuildFile section */
		E4FF61B919E8808600AF8F72 /* main.cpp in Sources */ = {isa = PBXBuildFile; fileRef = E4FF61B819E8808600AF8F72 /* main.cpp */; };
/* End PBXBuildFile section */

/* Begin PBXCopyFilesBuildPhase section */
		E4FF61B319E8808600AF8F72 /* CopyFiles */ = {
			isa = PBXCopyFilesBuildPhase;
			buildActionMask = 2147483647;
			dstPath = /usr/share/man/man1/;
			dstSubfolderSpec = 0;
			files = (
			);
			runOnlyForDeploymentPostprocessing = 1;
		};
/* End PBXCopyFilesBuildPhase section */

/* Begin PBXFileReference section */
		E4FF61B519E8808600AF8F72 /* Project1_logic_error */ = {isa = PBXFileReference; explicitFileType = "compiled.mach-o.executable"; includeInIndex = 0; path = Project1_logic_error; sourceTree = BUILT_PRODUCTS_DIR; };
		E4FF61B819E8808600AF8F72 /* main.cpp */ = {isa = PBXFileReference; lastKnownFileType = sourcecode.cpp.cpp; path = main.cpp; sourceTree = "<group>"; };
/* End PBXFileReference section */

/* Begin PBXFrameworksBuildPhase section */
		E4FF61B219E8808600AF8F72 /* Frameworks */ = {
			isa = PBXFrameworksBuildPhase;
			buildActionMask = 2147483647;
			files = (
			);
			runOnlyForDeploymentPostprocessing = 0;
		};
/* End PBXFrameworksBuildPhase section */

/* Begin PBXGroup section */
		E4FF61AC19E8808600AF8F72 = {
			isa = PBXGroup;
			children = (
				E4FF61B719E8808600AF8F72 /* Project1_logic_error */,
				E4FF61B619E8808600AF8F72 /* Products */,
			);
			sourceTree = "<group>";
		};
		E4FF61B619E8808600AF8F72 /* Products */ = {
			isa = PBXGroup;
			children = (
				E4FF61B519E8808600AF8F72 /* Project1_logic_error */,
			);
			name = Products;
			sourceTree = "<group>";
		};
		E4FF61B719E8808600AF8F72 /* Project1_logic_error */ = {
			isa = PBXGroup;
			children = (
				E4FF61B819E8808600AF8F72 /* main.cpp */,
			);
			path = Project1_logic_error;
			sourceTree = "<group>";
		};
/* End PBXGroup section */

/* Begin PBXNativeTarget section */
		E4FF61B419E8808600AF8F72 /* Project1_logic_error */ = {
			isa = PBXNativeTarget;
			buildConfigurationList = E4FF61BC19E8808600AF8F72 /* Build configuration list for PBXNativeTarget "Project1_logic_error" */;
			buildPhases = (
				E4FF61B119E8808600AF8F72 /* Sources */,
				E4FF61B219E8808600AF8F72 /* Frameworks */,
				E4FF61B319E8808600AF8F72 /* CopyFiles */,
			);
			buildRules = (
			);
			dependencies = (
			);
			name = Project1_logic_error;
			productName = Project1_logic_error;
			productReference = E4FF61B519E8808600AF8F72 /* Project1_logic_error */;
			productType = "com.apple.product-type.tool";
		};
/* End PBXNativeTarget section */

/* Begin PBXProject section */
		E4FF61AD19E8808600AF8F72 /* Project object */ = {
			isa = PBXProject;
			attributes = {
				LastUpgradeCheck = 0600;
				ORGANIZATIONNAME = "Wenlong Xiong";
				TargetAttributes = {
					E4FF61B419E8808600AF8F72 = {
						CreatedOnToolsVersion = 6.0.1;
					};
				};
			};
			buildConfigurationList = E4FF61B019E8808600AF8F72 /* Build configuration list for PBXProject "Project1_logic_error" */;
			compatibilityVersion = "Xcode 3.2";
			developmentRegion = English;
			hasScannedForEncodings = 0;
			knownRegions = (
				en,
			);
			mainGroup = E4FF61AC19E8808600AF8F72;
			productRefGroup = E4FF61B619E8808600AF8F72 /* Products */;
			projectDirPath = "";
			projectRoot = "";
			targets = (
				E4FF61B419E8808600AF8F72 /* Project1_logic_error */,
			);
		};
/* End PBXProject section */

/* Begin PBXSourcesBuildPhase section */
		E4FF61B119E8808600AF8F72 /* Sources */ = {
			isa = PBXSourcesBuildPhase;
			buildActionMask = 2147483647;
			files = (
				E4FF61B919E8808600AF8F72 /* main.cpp in Sources */,
			);
			runOnlyForDeploymentPostprocessing = 0;
		};
/* End PBXSourcesBuildPhase section */

/* Begin XCBuildConfiguration section */
		E4FF61BA19E8808600AF8F72 /* Debug */ = {
			isa = XCBuildConfiguration;
			buildSettings = {
				ALWAYS_SEARCH_USER_PATHS = NO;
				CLANG_CXX_LANGUAGE_STANDARD = "gnu++0x";
				CLANG_CXX_LIBRARY = "libc++";
				CLANG_ENABLE_MODULES = YES;
				CLANG_ENABLE_OBJC_ARC = YES;
				CLANG_WARN_BOOL_CONVERSION = YES;
				CLANG_WARN_CONSTANT_CONVERSION = YES;
				CLANG_WARN_DIRECT_OBJC_ISA_USAGE = YES_ERROR;
				CLANG_WARN_EMPTY_BODY = YES;
				CLANG_WARN_ENUM_CONVERSION = YES;
				CLANG_WARN_INT_CONVERSION = YES;
				CLANG_WARN_OBJC_ROOT_CLASS = YES_ERROR;
				CLANG_WARN_UNREACHABLE_CODE = YES;
				CLANG_WARN__DUPLICATE_METHOD_MATCH = YES;
				COPY_PHASE_STRIP = NO;
				ENABLE_STRICT_OBJC_MSGSEND = YES;
				GCC_C_LANGUAGE_STANDARD = gnu99;
				GCC_DYNAMIC_NO_PIC = NO;
				GCC_OPTIMIZATION_LEVEL = 0;
				GCC_PREPROCESSOR_DEFINITIONS = (
					"DEBUG=1",
					"$(inherited)",
				);
				GCC_SYMBOLS_PRIVATE_EXTERN = NO;
				GCC_WARN_64_TO_32_BIT_CONVERSION = YES;
				GCC_WARN_ABOUT_RETURN_TYPE = YES_ERROR;
				GCC_WARN_UNDECLARED_SELECTOR = YES;
				GCC_WARN_UNINITIALIZED_AUTOS = YES_AGGRESSIVE;
				GCC_WARN_UNUSED_FUNCTION = YES;
				GCC_WARN_UNUSED_VARIABLE = YES;
				MACOSX_DEPLOYMENT_TARGET = 10.9;
				MTL_ENABLE_DEBUG_INFO = YES;
				ONLY_ACTIVE_ARCH = YES;
				SDKROOT = macosx;
			};
			name = Debug;
		};
		E4FF61BB19E8808600AF8F72 /* Release */ = {
			isa = XCBuildConfiguration;
			buildSettings = {
				ALWAYS_SEARCH_USER_PATHS = NO;
				CLANG_CXX_LANGUAGE_STANDARD = "gnu++0x";
				CLANG_CXX_LIBRARY = "libc++";
				CLANG_ENABLE_MODULES = YES;
				CLANG_ENABLE_OBJC_ARC = YES;
				CLANG_WARN_BOOL_CONVERSION = YES;
				CLANG_WARN_CONSTANT_CONVERSION = YES;
				CLANG_WARN_DIRECT_OBJC_ISA_USAGE = YES_ERROR;
				CLANG_WARN_EMPTY_BODY = YES;
				CLANG_WARN_ENUM_CONVERSION = YES;
				CLANG_WARN_INT_CONVERSION = YES;
				CLANG_WARN_OBJC_ROOT_CLASS = YES_ERROR;
				CLANG_WARN_UNREACHABLE_CODE = YES;
				CLANG_WARN__DUPLICATE_METHOD_MATCH = YES;
				COPY_PHASE_STRIP = YES;
				DEBUG_INFORMATION_FORMAT = "dwarf-with-dsym";
				ENABLE_NS_ASSERTIONS = NO;
				ENABLE_STRICT_OBJC_MSGSEND = YES;
				GCC_C_LANGUAGE_STANDARD = gnu99;
				GCC_WARN_64_TO_32_BIT_CONVERSION = YES;
				GCC_WARN_ABOUT_RETURN_TYPE = YES_ERROR;
				GCC_WARN_UNDECLARED_SELECTOR = YES;
				GCC_WARN_UNINITIALIZED_AUTOS = YES_AGGRESSIVE;
				GCC_WARN_UNUSED_FUNCTION = YES;
				GCC_WARN_UNUSED_VARIABLE = YES;
				MACOSX_DEPLOYMENT_TARGET = 10.9;
				MTL_ENABLE_DEBUG_INFO = NO;
				SDKROOT = macosx;
			};
			name = Release;
		};
		E4FF61BD19E8808600AF8F72 /* Debug */ = {
			isa = XCBuildConfiguration;
			buildSettings = {
				PRODUCT_NAME = "$(TARGET_NAME)";
			};
			name = Debug;
		};
		E4FF61BE19E8808600AF8F72 /* Release */ = {
			isa = XCBuildConfiguration;
			buildSettings = {
				PRODUCT_NAME = "$(TARGET_NAME)";
			};
			name = Release;
		};
/* End XCBuildConfiguration section */

/* Begin XCConfigurationList section */
		E4FF61B019E8808600AF8F72 /* Build configuration list for PBXProject "Project1_logic_error" */ = {
			isa = XCConfigurationList;
			buildConfigurations = (
				E4FF61BA19E8808600AF8F72 /* Debug */,
				E4FF61BB19E8808600AF8F72 /* Release */,
			);
			defaultConfigurationIsVisible = 0;
			defaultConfigurationName = Release;
		};
		E4FF61BC19E8808600AF8F72 /* Build configuration list for PBXNativeTarget "Project1_logic_error" */ = {
			isa = XCConfigurationList;
			buildConfigurations = (
				E4FF61BD19E8808600AF8F72 /* Debug */,
				E4FF61BE19E8808600AF8F72 /* Release */,
			);
			defaultConfigurationIsVisible = 0;
		};
/* End XCConfigurationList section */
	};
	rootObject = E4FF61AD19E8808600AF8F72 /* Project object */;
}
